// !$*UTF8*$!
{
	archiveVersion = 1;
	classes = {
	};
	objectVersion = 55;
	objects = {

/* Begin PBXBuildFile section */
		642412F126AE481D004B73C5 /* CitiesRowViewModel.swift in Sources */ = {isa = PBXBuildFile; fileRef = 642412F026AE481D004B73C5 /* CitiesRowViewModel.swift */; };
		642412F326AE4830004B73C5 /* CitiesListViewModel.swift in Sources */ = {isa = PBXBuildFile; fileRef = 642412F226AE4830004B73C5 /* CitiesListViewModel.swift */; };
		642412F626AE4864004B73C5 /* CityRowView.swift in Sources */ = {isa = PBXBuildFile; fileRef = 642412F526AE4864004B73C5 /* CityRowView.swift */; };
		642412F826AE487B004B73C5 /* CityDetailView.swift in Sources */ = {isa = PBXBuildFile; fileRef = 642412F726AE487B004B73C5 /* CityDetailView.swift */; };
		642412FA26AE4886004B73C5 /* CityDetailViewModel.swift in Sources */ = {isa = PBXBuildFile; fileRef = 642412F926AE4886004B73C5 /* CityDetailViewModel.swift */; };
		642412FD26AE4D6B004B73C5 /* Feedback.swift in Sources */ = {isa = PBXBuildFile; fileRef = 642412FC26AE4D6B004B73C5 /* Feedback.swift */; };
		642412FF26AE4DB8004B73C5 /* Publishers.swift in Sources */ = {isa = PBXBuildFile; fileRef = 642412FE26AE4DB8004B73C5 /* Publishers.swift */; };
		6424130126AE5D65004B73C5 /* CitiesListContainerView.swift in Sources */ = {isa = PBXBuildFile; fileRef = 6424130026AE5D65004B73C5 /* CitiesListContainerView.swift */; };
		6424130326AE5F00004B73C5 /* CitiesListViewModelTests.swift in Sources */ = {isa = PBXBuildFile; fileRef = 6424130226AE5F00004B73C5 /* CitiesListViewModelTests.swift */; };
		649EA27426ADE4F400DFB82C /* AppDelegate.swift in Sources */ = {isa = PBXBuildFile; fileRef = 649EA27326ADE4F400DFB82C /* AppDelegate.swift */; };
		649EA27626ADE4F400DFB82C /* SceneDelegate.swift in Sources */ = {isa = PBXBuildFile; fileRef = 649EA27526ADE4F400DFB82C /* SceneDelegate.swift */; };
		649EA27826ADE4F400DFB82C /* CitiesListView.swift in Sources */ = {isa = PBXBuildFile; fileRef = 649EA27726ADE4F400DFB82C /* CitiesListView.swift */; };
		649EA27B26ADE4F400DFB82C /* Main.storyboard in Resources */ = {isa = PBXBuildFile; fileRef = 649EA27926ADE4F400DFB82C /* Main.storyboard */; };
		649EA27D26ADE4F500DFB82C /* Assets.xcassets in Resources */ = {isa = PBXBuildFile; fileRef = 649EA27C26ADE4F500DFB82C /* Assets.xcassets */; };
		649EA28026ADE4F500DFB82C /* LaunchScreen.storyboard in Resources */ = {isa = PBXBuildFile; fileRef = 649EA27E26ADE4F500DFB82C /* LaunchScreen.storyboard */; };
		649EA28B26ADE4F500DFB82C /* YAWA_MVVMTests.swift in Sources */ = {isa = PBXBuildFile; fileRef = 649EA28A26ADE4F500DFB82C /* YAWA_MVVMTests.swift */; };
		649EA29526ADE4F500DFB82C /* YAWA_MVVMUITests.swift in Sources */ = {isa = PBXBuildFile; fileRef = 649EA29426ADE4F500DFB82C /* YAWA_MVVMUITests.swift */; };
		649EA2A226ADE57200DFB82C /* WeatherService.swift in Sources */ = {isa = PBXBuildFile; fileRef = 649EA2A126ADE57200DFB82C /* WeatherService.swift */; };
		649EA2A426ADE7D800DFB82C /* Responses.swift in Sources */ = {isa = PBXBuildFile; fileRef = 649EA2A326ADE7D800DFB82C /* Responses.swift */; };
		649EA2A626AE008600DFB82C /* Parser.swift in Sources */ = {isa = PBXBuildFile; fileRef = 649EA2A526AE008600DFB82C /* Parser.swift */; };
		649EA2A726AE008600DFB82C /* Parser.swift in Sources */ = {isa = PBXBuildFile; fileRef = 649EA2A526AE008600DFB82C /* Parser.swift */; };
		649EA2A926AE0C8600DFB82C /* CityTest.swift in Sources */ = {isa = PBXBuildFile; fileRef = 649EA2A826AE0C8600DFB82C /* CityTest.swift */; };
		649EA2AC26AE1EFF00DFB82C /* City.swift in Sources */ = {isa = PBXBuildFile; fileRef = 649EA2AB26AE1EFF00DFB82C /* City.swift */; };
		649EA2AF26AE203600DFB82C /* ForecastAPITests.swift in Sources */ = {isa = PBXBuildFile; fileRef = 649EA2AE26AE203600DFB82C /* ForecastAPITests.swift */; };
		649EA2B226AE29DF00DFB82C /* Date.swift in Sources */ = {isa = PBXBuildFile; fileRef = 649EA2B126AE29DF00DFB82C /* Date.swift */; };
		649EA2B326AE29DF00DFB82C /* Date.swift in Sources */ = {isa = PBXBuildFile; fileRef = 649EA2B126AE29DF00DFB82C /* Date.swift */; };
		649EA2B526AE29FE00DFB82C /* ForecastAPI.swift in Sources */ = {isa = PBXBuildFile; fileRef = 649EA2B426AE29FE00DFB82C /* ForecastAPI.swift */; };
		649EA2B826AE2B5200DFB82C /* WeatherServiceTests.swift in Sources */ = {isa = PBXBuildFile; fileRef = 649EA2B726AE2B5200DFB82C /* WeatherServiceTests.swift */; };
		649EA2BA26AE2ED300DFB82C /* MockURLProtocol.swift in Sources */ = {isa = PBXBuildFile; fileRef = 649EA2B926AE2ED300DFB82C /* MockURLProtocol.swift */; };
		649EA2BC26AE310400DFB82C /* forecastAPIResponse.json in Resources */ = {isa = PBXBuildFile; fileRef = 649EA2BB26AE310400DFB82C /* forecastAPIResponse.json */; };
		649EA2BD26AE310400DFB82C /* forecastAPIResponse.json in Resources */ = {isa = PBXBuildFile; fileRef = 649EA2BB26AE310400DFB82C /* forecastAPIResponse.json */; };
/* End PBXBuildFile section */

/* Begin PBXContainerItemProxy section */
		649EA28726ADE4F500DFB82C /* PBXContainerItemProxy */ = {
			isa = PBXContainerItemProxy;
			containerPortal = 649EA26826ADE4F400DFB82C /* Project object */;
			proxyType = 1;
			remoteGlobalIDString = 649EA26F26ADE4F400DFB82C;
			remoteInfo = "YAWA-MVVM";
		};
		649EA29126ADE4F500DFB82C /* PBXContainerItemProxy */ = {
			isa = PBXContainerItemProxy;
			containerPortal = 649EA26826ADE4F400DFB82C /* Project object */;
			proxyType = 1;
			remoteGlobalIDString = 649EA26F26ADE4F400DFB82C;
			remoteInfo = "YAWA-MVVM";
		};
/* End PBXContainerItemProxy section */

/* Begin PBXFileReference section */
		642412F026AE481D004B73C5 /* CitiesRowViewModel.swift */ = {isa = PBXFileReference; lastKnownFileType = sourcecode.swift; path = CitiesRowViewModel.swift; sourceTree = "<group>"; };
		642412F226AE4830004B73C5 /* CitiesListViewModel.swift */ = {isa = PBXFileReference; lastKnownFileType = sourcecode.swift; path = CitiesListViewModel.swift; sourceTree = "<group>"; };
		642412F526AE4864004B73C5 /* CityRowView.swift */ = {isa = PBXFileReference; lastKnownFileType = sourcecode.swift; path = CityRowView.swift; sourceTree = "<group>"; };
		642412F726AE487B004B73C5 /* CityDetailView.swift */ = {isa = PBXFileReference; lastKnownFileType = sourcecode.swift; path = CityDetailView.swift; sourceTree = "<group>"; };
		642412F926AE4886004B73C5 /* CityDetailViewModel.swift */ = {isa = PBXFileReference; lastKnownFileType = sourcecode.swift; path = CityDetailViewModel.swift; sourceTree = "<group>"; };
		642412FC26AE4D6B004B73C5 /* Feedback.swift */ = {isa = PBXFileReference; lastKnownFileType = sourcecode.swift; path = Feedback.swift; sourceTree = "<group>"; };
		642412FE26AE4DB8004B73C5 /* Publishers.swift */ = {isa = PBXFileReference; lastKnownFileType = sourcecode.swift; path = Publishers.swift; sourceTree = "<group>"; };
		6424130026AE5D65004B73C5 /* CitiesListContainerView.swift */ = {isa = PBXFileReference; lastKnownFileType = sourcecode.swift; path = CitiesListContainerView.swift; sourceTree = "<group>"; };
		6424130226AE5F00004B73C5 /* CitiesListViewModelTests.swift */ = {isa = PBXFileReference; lastKnownFileType = sourcecode.swift; path = CitiesListViewModelTests.swift; sourceTree = "<group>"; };
		649EA27026ADE4F400DFB82C /* YAWA-MVVM.app */ = {isa = PBXFileReference; explicitFileType = wrapper.application; includeInIndex = 0; path = "YAWA-MVVM.app"; sourceTree = BUILT_PRODUCTS_DIR; };
		649EA27326ADE4F400DFB82C /* AppDelegate.swift */ = {isa = PBXFileReference; lastKnownFileType = sourcecode.swift; path = AppDelegate.swift; sourceTree = "<group>"; };
		649EA27526ADE4F400DFB82C /* SceneDelegate.swift */ = {isa = PBXFileReference; lastKnownFileType = sourcecode.swift; path = SceneDelegate.swift; sourceTree = "<group>"; };
		649EA27726ADE4F400DFB82C /* CitiesListView.swift */ = {isa = PBXFileReference; lastKnownFileType = sourcecode.swift; path = CitiesListView.swift; sourceTree = "<group>"; };
		649EA27A26ADE4F400DFB82C /* Base */ = {isa = PBXFileReference; lastKnownFileType = file.storyboard; name = Base; path = Base.lproj/Main.storyboard; sourceTree = "<group>"; };
		649EA27C26ADE4F500DFB82C /* Assets.xcassets */ = {isa = PBXFileReference; lastKnownFileType = folder.assetcatalog; path = Assets.xcassets; sourceTree = "<group>"; };
		649EA27F26ADE4F500DFB82C /* Base */ = {isa = PBXFileReference; lastKnownFileType = file.storyboard; name = Base; path = Base.lproj/LaunchScreen.storyboard; sourceTree = "<group>"; };
		649EA28126ADE4F500DFB82C /* Info.plist */ = {isa = PBXFileReference; lastKnownFileType = text.plist.xml; path = Info.plist; sourceTree = "<group>"; };
		649EA28626ADE4F500DFB82C /* YAWA-MVVMTests.xctest */ = {isa = PBXFileReference; explicitFileType = wrapper.cfbundle; includeInIndex = 0; path = "YAWA-MVVMTests.xctest"; sourceTree = BUILT_PRODUCTS_DIR; };
		649EA28A26ADE4F500DFB82C /* YAWA_MVVMTests.swift */ = {isa = PBXFileReference; lastKnownFileType = sourcecode.swift; path = YAWA_MVVMTests.swift; sourceTree = "<group>"; };
		649EA29026ADE4F500DFB82C /* YAWA-MVVMUITests.xctest */ = {isa = PBXFileReference; explicitFileType = wrapper.cfbundle; includeInIndex = 0; path = "YAWA-MVVMUITests.xctest"; sourceTree = BUILT_PRODUCTS_DIR; };
		649EA29426ADE4F500DFB82C /* YAWA_MVVMUITests.swift */ = {isa = PBXFileReference; lastKnownFileType = sourcecode.swift; path = YAWA_MVVMUITests.swift; sourceTree = "<group>"; };
		649EA2A126ADE57200DFB82C /* WeatherService.swift */ = {isa = PBXFileReference; lastKnownFileType = sourcecode.swift; path = WeatherService.swift; sourceTree = "<group>"; };
		649EA2A326ADE7D800DFB82C /* Responses.swift */ = {isa = PBXFileReference; lastKnownFileType = sourcecode.swift; path = Responses.swift; sourceTree = "<group>"; };
		649EA2A526AE008600DFB82C /* Parser.swift */ = {isa = PBXFileReference; lastKnownFileType = sourcecode.swift; path = Parser.swift; sourceTree = "<group>"; };
		649EA2A826AE0C8600DFB82C /* CityTest.swift */ = {isa = PBXFileReference; lastKnownFileType = sourcecode.swift; path = CityTest.swift; sourceTree = "<group>"; };
		649EA2AB26AE1EFF00DFB82C /* City.swift */ = {isa = PBXFileReference; lastKnownFileType = sourcecode.swift; path = City.swift; sourceTree = "<group>"; };
		649EA2AE26AE203600DFB82C /* ForecastAPITests.swift */ = {isa = PBXFileReference; lastKnownFileType = sourcecode.swift; path = ForecastAPITests.swift; sourceTree = "<group>"; };
		649EA2B126AE29DF00DFB82C /* Date.swift */ = {isa = PBXFileReference; lastKnownFileType = sourcecode.swift; path = Date.swift; sourceTree = "<group>"; };
		649EA2B426AE29FE00DFB82C /* ForecastAPI.swift */ = {isa = PBXFileReference; lastKnownFileType = sourcecode.swift; path = ForecastAPI.swift; sourceTree = "<group>"; };
		649EA2B726AE2B5200DFB82C /* WeatherServiceTests.swift */ = {isa = PBXFileReference; lastKnownFileType = sourcecode.swift; path = WeatherServiceTests.swift; sourceTree = "<group>"; };
		649EA2B926AE2ED300DFB82C /* MockURLProtocol.swift */ = {isa = PBXFileReference; lastKnownFileType = sourcecode.swift; path = MockURLProtocol.swift; sourceTree = "<group>"; };
		649EA2BB26AE310400DFB82C /* forecastAPIResponse.json */ = {isa = PBXFileReference; fileEncoding = 4; lastKnownFileType = text.json; path = forecastAPIResponse.json; sourceTree = "<group>"; };
/* End PBXFileReference section */

/* Begin PBXFrameworksBuildPhase section */
		649EA26D26ADE4F400DFB82C /* Frameworks */ = {
			isa = PBXFrameworksBuildPhase;
			buildActionMask = 2147483647;
			files = (
			);
			runOnlyForDeploymentPostprocessing = 0;
		};
		649EA28326ADE4F500DFB82C /* Frameworks */ = {
			isa = PBXFrameworksBuildPhase;
			buildActionMask = 2147483647;
			files = (
			);
			runOnlyForDeploymentPostprocessing = 0;
		};
		649EA28D26ADE4F500DFB82C /* Frameworks */ = {
			isa = PBXFrameworksBuildPhase;
			buildActionMask = 2147483647;
			files = (
			);
			runOnlyForDeploymentPostprocessing = 0;
		};
/* End PBXFrameworksBuildPhase section */

/* Begin PBXGroup section */
		642412ED26AE44F6004B73C5 /* Utilities */ = {
			isa = PBXGroup;
			children = (
				649EA2A526AE008600DFB82C /* Parser.swift */,
			);
			name = Utilities;
			sourceTree = "<group>";
		};
		642412EE26AE450C004B73C5 /* Services */ = {
			isa = PBXGroup;
			children = (
				649EA2A126ADE57200DFB82C /* WeatherService.swift */,
				649EA2B426AE29FE00DFB82C /* ForecastAPI.swift */,
			);
			path = Services;
			sourceTree = "<group>";
		};
		642412EF26AE46DD004B73C5 /* Resources */ = {
			isa = PBXGroup;
			children = (
				649EA27926ADE4F400DFB82C /* Main.storyboard */,
				649EA27C26ADE4F500DFB82C /* Assets.xcassets */,
				649EA28126ADE4F500DFB82C /* Info.plist */,
				649EA2BB26AE310400DFB82C /* forecastAPIResponse.json */,
			);
			path = Resources;
			sourceTree = "<group>";
		};
		642412F426AE4843004B73C5 /* Cities List */ = {
			isa = PBXGroup;
			children = (
				6424130026AE5D65004B73C5 /* CitiesListContainerView.swift */,
				649EA27726ADE4F400DFB82C /* CitiesListView.swift */,
				642412F226AE4830004B73C5 /* CitiesListViewModel.swift */,
				642412F026AE481D004B73C5 /* CitiesRowViewModel.swift */,
				642412F526AE4864004B73C5 /* CityRowView.swift */,
				642412FC26AE4D6B004B73C5 /* Feedback.swift */,
			);
			path = "Cities List";
			sourceTree = "<group>";
		};
		642412FB26AE488E004B73C5 /* City Detail */ = {
			isa = PBXGroup;
			children = (
				642412F726AE487B004B73C5 /* CityDetailView.swift */,
				642412F926AE4886004B73C5 /* CityDetailViewModel.swift */,
			);
			path = "City Detail";
			sourceTree = "<group>";
		};
		649EA26726ADE4F400DFB82C = {
			isa = PBXGroup;
			children = (
				642412EE26AE450C004B73C5 /* Services */,
				642412ED26AE44F6004B73C5 /* Utilities */,
				649EA2B026AE29D100DFB82C /* Extensions */,
				649EA2AA26AE1EE800DFB82C /* Model */,
				649EA27226ADE4F400DFB82C /* YAWA-MVVM */,
				649EA28926ADE4F500DFB82C /* YAWA-MVVMTests */,
				649EA29326ADE4F500DFB82C /* YAWA-MVVMUITests */,
				649EA27126ADE4F400DFB82C /* Products */,
			);
			sourceTree = "<group>";
		};
		649EA27126ADE4F400DFB82C /* Products */ = {
			isa = PBXGroup;
			children = (
				649EA27026ADE4F400DFB82C /* YAWA-MVVM.app */,
				649EA28626ADE4F500DFB82C /* YAWA-MVVMTests.xctest */,
				649EA29026ADE4F500DFB82C /* YAWA-MVVMUITests.xctest */,
			);
			name = Products;
			sourceTree = "<group>";
		};
		649EA27226ADE4F400DFB82C /* YAWA-MVVM */ = {
			isa = PBXGroup;
			children = (
				649EA27326ADE4F400DFB82C /* AppDelegate.swift */,
				649EA27526ADE4F400DFB82C /* SceneDelegate.swift */,
				642412F426AE4843004B73C5 /* Cities List */,
				642412FB26AE488E004B73C5 /* City Detail */,
				642412EF26AE46DD004B73C5 /* Resources */,
				649EA27E26ADE4F500DFB82C /* LaunchScreen.storyboard */,
			);
			path = "YAWA-MVVM";
			sourceTree = "<group>";
		};
		649EA28926ADE4F500DFB82C /* YAWA-MVVMTests */ = {
			isa = PBXGroup;
			children = (
				649EA28A26ADE4F500DFB82C /* YAWA_MVVMTests.swift */,
				649EA2B726AE2B5200DFB82C /* WeatherServiceTests.swift */,
				649EA2B926AE2ED300DFB82C /* MockURLProtocol.swift */,
				649EA2A826AE0C8600DFB82C /* CityTest.swift */,
				649EA2AE26AE203600DFB82C /* ForecastAPITests.swift */,
				6424130226AE5F00004B73C5 /* CitiesListViewModelTests.swift */,
			);
			path = "YAWA-MVVMTests";
			sourceTree = "<group>";
		};
		649EA29326ADE4F500DFB82C /* YAWA-MVVMUITests */ = {
			isa = PBXGroup;
			children = (
				649EA29426ADE4F500DFB82C /* YAWA_MVVMUITests.swift */,
			);
			path = "YAWA-MVVMUITests";
			sourceTree = "<group>";
		};
		649EA2AA26AE1EE800DFB82C /* Model */ = {
			isa = PBXGroup;
			children = (
				649EA2AB26AE1EFF00DFB82C /* City.swift */,
				649EA2A326ADE7D800DFB82C /* Responses.swift */,
			);
			path = Model;
			sourceTree = "<group>";
		};
		649EA2B026AE29D100DFB82C /* Extensions */ = {
			isa = PBXGroup;
			children = (
				649EA2B126AE29DF00DFB82C /* Date.swift */,
				642412FE26AE4DB8004B73C5 /* Publishers.swift */,
			);
			path = Extensions;
			sourceTree = "<group>";
		};
/* End PBXGroup section */

/* Begin PBXNativeTarget section */
		649EA26F26ADE4F400DFB82C /* YAWA-MVVM */ = {
			isa = PBXNativeTarget;
			buildConfigurationList = 649EA29826ADE4F500DFB82C /* Build configuration list for PBXNativeTarget "YAWA-MVVM" */;
			buildPhases = (
				649EA26C26ADE4F400DFB82C /* Sources */,
				649EA26D26ADE4F400DFB82C /* Frameworks */,
				649EA26E26ADE4F400DFB82C /* Resources */,
			);
			buildRules = (
			);
			dependencies = (
			);
			name = "YAWA-MVVM";
			productName = "YAWA-MVVM";
			productReference = 649EA27026ADE4F400DFB82C /* YAWA-MVVM.app */;
			productType = "com.apple.product-type.application";
		};
		649EA28526ADE4F500DFB82C /* YAWA-MVVMTests */ = {
			isa = PBXNativeTarget;
			buildConfigurationList = 649EA29B26ADE4F500DFB82C /* Build configuration list for PBXNativeTarget "YAWA-MVVMTests" */;
			buildPhases = (
				649EA28226ADE4F500DFB82C /* Sources */,
				649EA28326ADE4F500DFB82C /* Frameworks */,
				649EA28426ADE4F500DFB82C /* Resources */,
			);
			buildRules = (
			);
			dependencies = (
				649EA28826ADE4F500DFB82C /* PBXTargetDependency */,
			);
			name = "YAWA-MVVMTests";
			productName = "YAWA-MVVMTests";
			productReference = 649EA28626ADE4F500DFB82C /* YAWA-MVVMTests.xctest */;
			productType = "com.apple.product-type.bundle.unit-test";
		};
		649EA28F26ADE4F500DFB82C /* YAWA-MVVMUITests */ = {
			isa = PBXNativeTarget;
			buildConfigurationList = 649EA29E26ADE4F500DFB82C /* Build configuration list for PBXNativeTarget "YAWA-MVVMUITests" */;
			buildPhases = (
				649EA28C26ADE4F500DFB82C /* Sources */,
				649EA28D26ADE4F500DFB82C /* Frameworks */,
				649EA28E26ADE4F500DFB82C /* Resources */,
			);
			buildRules = (
			);
			dependencies = (
				649EA29226ADE4F500DFB82C /* PBXTargetDependency */,
			);
			name = "YAWA-MVVMUITests";
			productName = "YAWA-MVVMUITests";
			productReference = 649EA29026ADE4F500DFB82C /* YAWA-MVVMUITests.xctest */;
			productType = "com.apple.product-type.bundle.ui-testing";
		};
/* End PBXNativeTarget section */

/* Begin PBXProject section */
		649EA26826ADE4F400DFB82C /* Project object */ = {
			isa = PBXProject;
			attributes = {
				BuildIndependentTargetsInParallel = 1;
				LastSwiftUpdateCheck = 1300;
				LastUpgradeCheck = 1300;
				TargetAttributes = {
					649EA26F26ADE4F400DFB82C = {
						CreatedOnToolsVersion = 13.0;
					};
					649EA28526ADE4F500DFB82C = {
						CreatedOnToolsVersion = 13.0;
						TestTargetID = 649EA26F26ADE4F400DFB82C;
					};
					649EA28F26ADE4F500DFB82C = {
						CreatedOnToolsVersion = 13.0;
						TestTargetID = 649EA26F26ADE4F400DFB82C;
					};
				};
			};
			buildConfigurationList = 649EA26B26ADE4F400DFB82C /* Build configuration list for PBXProject "YAWA-MVVM" */;
			compatibilityVersion = "Xcode 13.0";
			developmentRegion = en;
			hasScannedForEncodings = 0;
			knownRegions = (
				en,
				Base,
			);
			mainGroup = 649EA26726ADE4F400DFB82C;
			productRefGroup = 649EA27126ADE4F400DFB82C /* Products */;
			projectDirPath = "";
			projectRoot = "";
			targets = (
				649EA26F26ADE4F400DFB82C /* YAWA-MVVM */,
				649EA28526ADE4F500DFB82C /* YAWA-MVVMTests */,
				649EA28F26ADE4F500DFB82C /* YAWA-MVVMUITests */,
			);
		};
/* End PBXProject section */

/* Begin PBXResourcesBuildPhase section */
		649EA26E26ADE4F400DFB82C /* Resources */ = {
			isa = PBXResourcesBuildPhase;
			buildActionMask = 2147483647;
			files = (
				649EA2BC26AE310400DFB82C /* forecastAPIResponse.json in Resources */,
				649EA28026ADE4F500DFB82C /* LaunchScreen.storyboard in Resources */,
				649EA27D26ADE4F500DFB82C /* Assets.xcassets in Resources */,
				649EA27B26ADE4F400DFB82C /* Main.storyboard in Resources */,
			);
			runOnlyForDeploymentPostprocessing = 0;
		};
		649EA28426ADE4F500DFB82C /* Resources */ = {
			isa = PBXResourcesBuildPhase;
			buildActionMask = 2147483647;
			files = (
				649EA2BD26AE310400DFB82C /* forecastAPIResponse.json in Resources */,
			);
			runOnlyForDeploymentPostprocessing = 0;
		};
		649EA28E26ADE4F500DFB82C /* Resources */ = {
			isa = PBXResourcesBuildPhase;
			buildActionMask = 2147483647;
			files = (
			);
			runOnlyForDeploymentPostprocessing = 0;
		};
/* End PBXResourcesBuildPhase section */

/* Begin PBXSourcesBuildPhase section */
		649EA26C26ADE4F400DFB82C /* Sources */ = {
			isa = PBXSourcesBuildPhase;
			buildActionMask = 2147483647;
			files = (
				6424130126AE5D65004B73C5 /* CitiesListContainerView.swift in Sources */,
				642412F826AE487B004B73C5 /* CityDetailView.swift in Sources */,
				642412F626AE4864004B73C5 /* CityRowView.swift in Sources */,
				642412FD26AE4D6B004B73C5 /* Feedback.swift in Sources */,
				642412F126AE481D004B73C5 /* CitiesRowViewModel.swift in Sources */,
				642412F326AE4830004B73C5 /* CitiesListViewModel.swift in Sources */,
				642412FA26AE4886004B73C5 /* CityDetailViewModel.swift in Sources */,
				649EA2A426ADE7D800DFB82C /* Responses.swift in Sources */,
				649EA2A226ADE57200DFB82C /* WeatherService.swift in Sources */,
				649EA2A626AE008600DFB82C /* Parser.swift in Sources */,
				649EA2B226AE29DF00DFB82C /* Date.swift in Sources */,
				649EA2B526AE29FE00DFB82C /* ForecastAPI.swift in Sources */,
				649EA27826ADE4F400DFB82C /* CitiesListView.swift in Sources */,
				642412FF26AE4DB8004B73C5 /* Publishers.swift in Sources */,
				649EA27426ADE4F400DFB82C /* AppDelegate.swift in Sources */,
				649EA27626ADE4F400DFB82C /* SceneDelegate.swift in Sources */,
				649EA2AC26AE1EFF00DFB82C /* City.swift in Sources */,
			);
			runOnlyForDeploymentPostprocessing = 0;
		};
		649EA28226ADE4F500DFB82C /* Sources */ = {
			isa = PBXSourcesBuildPhase;
			buildActionMask = 2147483647;
			files = (
				649EA2A726AE008600DFB82C /* Parser.swift in Sources */,
				649EA2B826AE2B5200DFB82C /* WeatherServiceTests.swift in Sources */,
				649EA2B326AE29DF00DFB82C /* Date.swift in Sources */,
				649EA2A926AE0C8600DFB82C /* CityTest.swift in Sources */,
				649EA2AF26AE203600DFB82C /* ForecastAPITests.swift in Sources */,
				6424130326AE5F00004B73C5 /* CitiesListViewModelTests.swift in Sources */,
				649EA28B26ADE4F500DFB82C /* YAWA_MVVMTests.swift in Sources */,
				649EA2BA26AE2ED300DFB82C /* MockURLProtocol.swift in Sources */,
			);
			runOnlyForDeploymentPostprocessing = 0;
		};
		649EA28C26ADE4F500DFB82C /* Sources */ = {
			isa = PBXSourcesBuildPhase;
			buildActionMask = 2147483647;
			files = (
				649EA29526ADE4F500DFB82C /* YAWA_MVVMUITests.swift in Sources */,
			);
			runOnlyForDeploymentPostprocessing = 0;
		};
/* End PBXSourcesBuildPhase section */

/* Begin PBXTargetDependency section */
		649EA28826ADE4F500DFB82C /* PBXTargetDependency */ = {
			isa = PBXTargetDependency;
			target = 649EA26F26ADE4F400DFB82C /* YAWA-MVVM */;
			targetProxy = 649EA28726ADE4F500DFB82C /* PBXContainerItemProxy */;
		};
		649EA29226ADE4F500DFB82C /* PBXTargetDependency */ = {
			isa = PBXTargetDependency;
			target = 649EA26F26ADE4F400DFB82C /* YAWA-MVVM */;
			targetProxy = 649EA29126ADE4F500DFB82C /* PBXContainerItemProxy */;
		};
/* End PBXTargetDependency section */

/* Begin PBXVariantGroup section */
		649EA27926ADE4F400DFB82C /* Main.storyboard */ = {
			isa = PBXVariantGroup;
			children = (
				649EA27A26ADE4F400DFB82C /* Base */,
			);
			name = Main.storyboard;
			sourceTree = "<group>";
		};
		649EA27E26ADE4F500DFB82C /* LaunchScreen.storyboard */ = {
			isa = PBXVariantGroup;
			children = (
				649EA27F26ADE4F500DFB82C /* Base */,
			);
			name = LaunchScreen.storyboard;
			sourceTree = "<group>";
		};
/* End PBXVariantGroup section */

/* Begin XCBuildConfiguration section */
		649EA29626ADE4F500DFB82C /* Debug */ = {
			isa = XCBuildConfiguration;
			buildSettings = {
				ALWAYS_SEARCH_USER_PATHS = NO;
				CLANG_ANALYZER_NONNULL = YES;
				CLANG_ANALYZER_NUMBER_OBJECT_CONVERSION = YES_AGGRESSIVE;
				CLANG_CXX_LANGUAGE_STANDARD = "gnu++14";
				CLANG_CXX_LIBRARY = "libc++";
				CLANG_ENABLE_MODULES = YES;
				CLANG_ENABLE_OBJC_ARC = YES;
				CLANG_ENABLE_OBJC_WEAK = YES;
				CLANG_WARN_BLOCK_CAPTURE_AUTORELEASING = YES;
				CLANG_WARN_BOOL_CONVERSION = YES;
				CLANG_WARN_COMMA = YES;
				CLANG_WARN_CONSTANT_CONVERSION = YES;
				CLANG_WARN_DEPRECATED_OBJC_IMPLEMENTATIONS = YES;
				CLANG_WARN_DIRECT_OBJC_ISA_USAGE = YES_ERROR;
				CLANG_WARN_DOCUMENTATION_COMMENTS = YES;
				CLANG_WARN_EMPTY_BODY = YES;
				CLANG_WARN_ENUM_CONVERSION = YES;
				CLANG_WARN_INFINITE_RECURSION = YES;
				CLANG_WARN_INT_CONVERSION = YES;
				CLANG_WARN_NON_LITERAL_NULL_CONVERSION = YES;
				CLANG_WARN_OBJC_IMPLICIT_RETAIN_SELF = YES;
				CLANG_WARN_OBJC_LITERAL_CONVERSION = YES;
				CLANG_WARN_OBJC_ROOT_CLASS = YES_ERROR;
				CLANG_WARN_QUOTED_INCLUDE_IN_FRAMEWORK_HEADER = YES;
				CLANG_WARN_RANGE_LOOP_ANALYSIS = YES;
				CLANG_WARN_STRICT_PROTOTYPES = YES;
				CLANG_WARN_SUSPICIOUS_MOVE = YES;
				CLANG_WARN_UNGUARDED_AVAILABILITY = YES_AGGRESSIVE;
				CLANG_WARN_UNREACHABLE_CODE = YES;
				CLANG_WARN__DUPLICATE_METHOD_MATCH = YES;
				COPY_PHASE_STRIP = NO;
				DEBUG_INFORMATION_FORMAT = dwarf;
				ENABLE_STRICT_OBJC_MSGSEND = YES;
				ENABLE_TESTABILITY = YES;
				GCC_C_LANGUAGE_STANDARD = gnu11;
				GCC_DYNAMIC_NO_PIC = NO;
				GCC_NO_COMMON_BLOCKS = YES;
				GCC_OPTIMIZATION_LEVEL = 0;
				GCC_PREPROCESSOR_DEFINITIONS = (
					"DEBUG=1",
					"$(inherited)",
				);
				GCC_WARN_64_TO_32_BIT_CONVERSION = YES;
				GCC_WARN_ABOUT_RETURN_TYPE = YES_ERROR;
				GCC_WARN_UNDECLARED_SELECTOR = YES;
				GCC_WARN_UNINITIALIZED_AUTOS = YES_AGGRESSIVE;
				GCC_WARN_UNUSED_FUNCTION = YES;
				GCC_WARN_UNUSED_VARIABLE = YES;
				IPHONEOS_DEPLOYMENT_TARGET = 15.0;
				MTL_ENABLE_DEBUG_INFO = INCLUDE_SOURCE;
				MTL_FAST_MATH = YES;
				ONLY_ACTIVE_ARCH = YES;
				SDKROOT = iphoneos;
				SWIFT_ACTIVE_COMPILATION_CONDITIONS = DEBUG;
				SWIFT_OPTIMIZATION_LEVEL = "-Onone";
			};
			name = Debug;
		};
		649EA29726ADE4F500DFB82C /* Release */ = {
			isa = XCBuildConfiguration;
			buildSettings = {
				ALWAYS_SEARCH_USER_PATHS = NO;
				CLANG_ANALYZER_NONNULL = YES;
				CLANG_ANALYZER_NUMBER_OBJECT_CONVERSION = YES_AGGRESSIVE;
				CLANG_CXX_LANGUAGE_STANDARD = "gnu++14";
				CLANG_CXX_LIBRARY = "libc++";
				CLANG_ENABLE_MODULES = YES;
				CLANG_ENABLE_OBJC_ARC = YES;
				CLANG_ENABLE_OBJC_WEAK = YES;
				CLANG_WARN_BLOCK_CAPTURE_AUTORELEASING = YES;
				CLANG_WARN_BOOL_CONVERSION = YES;
				CLANG_WARN_COMMA = YES;
				CLANG_WARN_CONSTANT_CONVERSION = YES;
				CLANG_WARN_DEPRECATED_OBJC_IMPLEMENTATIONS = YES;
				CLANG_WARN_DIRECT_OBJC_ISA_USAGE = YES_ERROR;
				CLANG_WARN_DOCUMENTATION_COMMENTS = YES;
				CLANG_WARN_EMPTY_BODY = YES;
				CLANG_WARN_ENUM_CONVERSION = YES;
				CLANG_WARN_INFINITE_RECURSION = YES;
				CLANG_WARN_INT_CONVERSION = YES;
				CLANG_WARN_NON_LITERAL_NULL_CONVERSION = YES;
				CLANG_WARN_OBJC_IMPLICIT_RETAIN_SELF = YES;
				CLANG_WARN_OBJC_LITERAL_CONVERSION = YES;
				CLANG_WARN_OBJC_ROOT_CLASS = YES_ERROR;
				CLANG_WARN_QUOTED_INCLUDE_IN_FRAMEWORK_HEADER = YES;
				CLANG_WARN_RANGE_LOOP_ANALYSIS = YES;
				CLANG_WARN_STRICT_PROTOTYPES = YES;
				CLANG_WARN_SUSPICIOUS_MOVE = YES;
				CLANG_WARN_UNGUARDED_AVAILABILITY = YES_AGGRESSIVE;
				CLANG_WARN_UNREACHABLE_CODE = YES;
				CLANG_WARN__DUPLICATE_METHOD_MATCH = YES;
				COPY_PHASE_STRIP = NO;
				DEBUG_INFORMATION_FORMAT = "dwarf-with-dsym";
				ENABLE_NS_ASSERTIONS = NO;
				ENABLE_STRICT_OBJC_MSGSEND = YES;
				GCC_C_LANGUAGE_STANDARD = gnu11;
				GCC_NO_COMMON_BLOCKS = YES;
				GCC_WARN_64_TO_32_BIT_CONVERSION = YES;
				GCC_WARN_ABOUT_RETURN_TYPE = YES_ERROR;
				GCC_WARN_UNDECLARED_SELECTOR = YES;
				GCC_WARN_UNINITIALIZED_AUTOS = YES_AGGRESSIVE;
				GCC_WARN_UNUSED_FUNCTION = YES;
				GCC_WARN_UNUSED_VARIABLE = YES;
				IPHONEOS_DEPLOYMENT_TARGET = 15.0;
				MTL_ENABLE_DEBUG_INFO = NO;
				MTL_FAST_MATH = YES;
				SDKROOT = iphoneos;
				SWIFT_COMPILATION_MODE = wholemodule;
				SWIFT_OPTIMIZATION_LEVEL = "-O";
				VALIDATE_PRODUCT = YES;
			};
			name = Release;
		};
		649EA29926ADE4F500DFB82C /* Debug */ = {
			isa = XCBuildConfiguration;
			buildSettings = {
				ASSETCATALOG_COMPILER_APPICON_NAME = AppIcon;
				ASSETCATALOG_COMPILER_GLOBAL_ACCENT_COLOR_NAME = AccentColor;
				CODE_SIGN_STYLE = Automatic;
				CURRENT_PROJECT_VERSION = 1;
				DEVELOPMENT_TEAM = 33XQUS4CME;
				GENERATE_INFOPLIST_FILE = YES;
				INFOPLIST_FILE = "YAWA-MVVM/Info.plist";
				INFOPLIST_KEY_UIApplicationSupportsIndirectInputEvents = YES;
				INFOPLIST_KEY_UILaunchStoryboardName = LaunchScreen;
				INFOPLIST_KEY_UIMainStoryboardFile = Main;
				INFOPLIST_KEY_UISupportedInterfaceOrientations_iPad = "UIInterfaceOrientationPortrait UIInterfaceOrientationPortraitUpsideDown UIInterfaceOrientationLandscapeLeft UIInterfaceOrientationLandscapeRight";
				INFOPLIST_KEY_UISupportedInterfaceOrientations_iPhone = "UIInterfaceOrientationPortrait UIInterfaceOrientationLandscapeLeft UIInterfaceOrientationLandscapeRight";
				LD_RUNPATH_SEARCH_PATHS = (
					"$(inherited)",
					"@executable_path/Frameworks",
				);
				MARKETING_VERSION = 1.0;
				PRODUCT_BUNDLE_IDENTIFIER = "uk.co.edwinb.YAWA-MVVM";
				PRODUCT_NAME = "$(TARGET_NAME)";
				SWIFT_EMIT_LOC_STRINGS = YES;
				SWIFT_VERSION = 5.0;
				TARGETED_DEVICE_FAMILY = "1,2";
			};
			name = Debug;
		};
		649EA29A26ADE4F500DFB82C /* Release */ = {
			isa = XCBuildConfiguration;
			buildSettings = {
				ASSETCATALOG_COMPILER_APPICON_NAME = AppIcon;
				ASSETCATALOG_COMPILER_GLOBAL_ACCENT_COLOR_NAME = AccentColor;
				CODE_SIGN_STYLE = Automatic;
				CURRENT_PROJECT_VERSION = 1;
				DEVELOPMENT_TEAM = 33XQUS4CME;
				GENERATE_INFOPLIST_FILE = YES;
				INFOPLIST_FILE = "YAWA-MVVM/Info.plist";
				INFOPLIST_KEY_UIApplicationSupportsIndirectInputEvents = YES;
				INFOPLIST_KEY_UILaunchStoryboardName = LaunchScreen;
				INFOPLIST_KEY_UIMainStoryboardFile = Main;
				INFOPLIST_KEY_UISupportedInterfaceOrientations_iPad = "UIInterfaceOrientationPortrait UIInterfaceOrientationPortraitUpsideDown UIInterfaceOrientationLandscapeLeft UIInterfaceOrientationLandscapeRight";
				INFOPLIST_KEY_UISupportedInterfaceOrientations_iPhone = "UIInterfaceOrientationPortrait UIInterfaceOrientationLandscapeLeft UIInterfaceOrientationLandscapeRight";
				LD_RUNPATH_SEARCH_PATHS = (
					"$(inherited)",
					"@executable_path/Frameworks",
				);
				MARKETING_VERSION = 1.0;
				PRODUCT_BUNDLE_IDENTIFIER = "uk.co.edwinb.YAWA-MVVM";
				PRODUCT_NAME = "$(TARGET_NAME)";
				SWIFT_EMIT_LOC_STRINGS = YES;
				SWIFT_VERSION = 5.0;
				TARGETED_DEVICE_FAMILY = "1,2";
			};
			name = Release;
		};
		649EA29C26ADE4F500DFB82C /* Debug */ = {
			isa = XCBuildConfiguration;
			buildSettings = {
				ALWAYS_EMBED_SWIFT_STANDARD_LIBRARIES = YES;
				BUNDLE_LOADER = "$(TEST_HOST)";
				CODE_SIGN_STYLE = Automatic;
				CURRENT_PROJECT_VERSION = 1;
				DEVELOPMENT_TEAM = 33XQUS4CME;
				GENERATE_INFOPLIST_FILE = YES;
				IPHONEOS_DEPLOYMENT_TARGET = 15.0;
				LD_RUNPATH_SEARCH_PATHS = (
					"$(inherited)",
					"@executable_path/Frameworks",
					"@loader_path/Frameworks",
				);
				MARKETING_VERSION = 1.0;
				PRODUCT_BUNDLE_IDENTIFIER = "uk.co.edwinb.YAWA-MVVMTests";
				PRODUCT_NAME = "$(TARGET_NAME)";
				SWIFT_EMIT_LOC_STRINGS = NO;
				SWIFT_VERSION = 5.0;
				TARGETED_DEVICE_FAMILY = "1,2";
				TEST_HOST = "$(BUILT_PRODUCTS_DIR)/YAWA-MVVM.app/YAWA-MVVM";
			};
			name = Debug;
		};
		649EA29D26ADE4F500DFB82C /* Release */ = {
			isa = XCBuildConfiguration;
			buildSettings = {
				ALWAYS_EMBED_SWIFT_STANDARD_LIBRARIES = YES;
				BUNDLE_LOADER = "$(TEST_HOST)";
				CODE_SIGN_STYLE = Automatic;
				CURRENT_PROJECT_VERSION = 1;
				DEVELOPMENT_TEAM = 33XQUS4CME;
				GENERATE_INFOPLIST_FILE = YES;
				IPHONEOS_DEPLOYMENT_TARGET = 15.0;
				LD_RUNPATH_SEARCH_PATHS = (
					"$(inherited)",
					"@executable_path/Frameworks",
					"@loader_path/Frameworks",
				);
				MARKETING_VERSION = 1.0;
				PRODUCT_BUNDLE_IDENTIFIER = "uk.co.edwinb.YAWA-MVVMTests";
				PRODUCT_NAME = "$(TARGET_NAME)";
				SWIFT_EMIT_LOC_STRINGS = NO;
				SWIFT_VERSION = 5.0;
				TARGETED_DEVICE_FAMILY = "1,2";
				TEST_HOST = "$(BUILT_PRODUCTS_DIR)/YAWA-MVVM.app/YAWA-MVVM";
			};
			name = Release;
		};
		649EA29F26ADE4F500DFB82C /* Debug */ = {
			isa = XCBuildConfiguration;
			buildSettings = {
				ALWAYS_EMBED_SWIFT_STANDARD_LIBRARIES = YES;
				CODE_SIGN_STYLE = Automatic;
				CURRENT_PROJECT_VERSION = 1;
				DEVELOPMENT_TEAM = 33XQUS4CME;
				GENERATE_INFOPLIST_FILE = YES;
				LD_RUNPATH_SEARCH_PATHS = (
					"$(inherited)",
					"@executable_path/Frameworks",
					"@loader_path/Frameworks",
				);
				MARKETING_VERSION = 1.0;
				PRODUCT_BUNDLE_IDENTIFIER = "uk.co.edwinb.YAWA-MVVMUITests";
				PRODUCT_NAME = "$(TARGET_NAME)";
				SWIFT_EMIT_LOC_STRINGS = NO;
				SWIFT_VERSION = 5.0;
				TARGETED_DEVICE_FAMILY = "1,2";
				TEST_TARGET_NAME = "YAWA-MVVM";
			};
			name = Debug;
		};
		649EA2A026ADE4F500DFB82C /* Release */ = {
			isa = XCBuildConfiguration;
			buildSettings = {
				ALWAYS_EMBED_SWIFT_STANDARD_LIBRARIES = YES;
				CODE_SIGN_STYLE = Automatic;
				CURRENT_PROJECT_VERSION = 1;
				DEVELOPMENT_TEAM = 33XQUS4CME;
				GENERATE_INFOPLIST_FILE = YES;
				LD_RUNPATH_SEARCH_PATHS = (
					"$(inherited)",
					"@executable_path/Frameworks",
					"@loader_path/Frameworks",
				);
				MARKETING_VERSION = 1.0;
				PRODUCT_BUNDLE_IDENTIFIER = "uk.co.edwinb.YAWA-MVVMUITests";
				PRODUCT_NAME = "$(TARGET_NAME)";
				SWIFT_EMIT_LOC_STRINGS = NO;
				SWIFT_VERSION = 5.0;
				TARGETED_DEVICE_FAMILY = "1,2";
				TEST_TARGET_NAME = "YAWA-MVVM";
			};
			name = Release;
		};
/* End XCBuildConfiguration section */

/* Begin XCConfigurationList section */
		649EA26B26ADE4F400DFB82C /* Build configuration list for PBXProject "YAWA-MVVM" */ = {
			isa = XCConfigurationList;
			buildConfigurations = (
				649EA29626ADE4F500DFB82C /* Debug */,
				649EA29726ADE4F500DFB82C /* Release */,
			);
			defaultConfigurationIsVisible = 0;
			defaultConfigurationName = Release;
		};
		649EA29826ADE4F500DFB82C /* Build configuration list for PBXNativeTarget "YAWA-MVVM" */ = {
			isa = XCConfigurationList;
			buildConfigurations = (
				649EA29926ADE4F500DFB82C /* Debug */,
				649EA29A26ADE4F500DFB82C /* Release */,
			);
			defaultConfigurationIsVisible = 0;
			defaultConfigurationName = Release;
		};
		649EA29B26ADE4F500DFB82C /* Build configuration list for PBXNativeTarget "YAWA-MVVMTests" */ = {
			isa = XCConfigurationList;
			buildConfigurations = (
				649EA29C26ADE4F500DFB82C /* Debug */,
				649EA29D26ADE4F500DFB82C /* Release */,
			);
			defaultConfigurationIsVisible = 0;
			defaultConfigurationName = Release;
		};
		649EA29E26ADE4F500DFB82C /* Build configuration list for PBXNativeTarget "YAWA-MVVMUITests" */ = {
			isa = XCConfigurationList;
			buildConfigurations = (
				649EA29F26ADE4F500DFB82C /* Debug */,
				649EA2A026ADE4F500DFB82C /* Release */,
			);
			defaultConfigurationIsVisible = 0;
			defaultConfigurationName = Release;
		};
/* End XCConfigurationList section */
	};
	rootObject = 649EA26826ADE4F400DFB82C /* Project object */;
}
